
Microsoft Visual Studio Solution File, Format Version 12.00
# Visual Studio Version 17
VisualStudioVersion = 17.5.33516.290
MinimumVisualStudioVersion = 10.0.40219.1
Project("{FAE04EC0-301F-11D3-BF4B-00C04F79EFBC}") = "csharp-oop-shop", "csharp-oop-shop\csharp-oop-shop.csproj", "{88EE592C-71B3-41F2-A6AF-BCB1A0FB5F95}"
EndProject
Global
	GlobalSection(SolutionConfigurationPlatforms) = preSolution
		Debug|Any CPU = Debug|Any CPU
		Release|Any CPU = Release|Any CPU
	EndGlobalSection
	GlobalSection(ProjectConfigurationPlatforms) = postSolution
		{88EE592C-71B3-41F2-A6AF-BCB1A0FB5F95}.Debug|Any CPU.ActiveCfg = Debug|Any CPU
		{88EE592C-71B3-41F2-A6AF-BCB1A0FB5F95}.Debug|Any CPU.Build.0 = Debug|Any CPU
		{88EE592C-71B3-41F2-A6AF-BCB1A0FB5F95}.Release|Any CPU.ActiveCfg = Release|Any CPU
		{88EE592C-71B3-41F2-A6AF-BCB1A0FB5F95}.Release|Any CPU.Build.0 = Release|Any CPU
	EndGlobalSection
	GlobalSection(SolutionProperties) = preSolution
		HideSolutionNode = FALSE
	EndGlobalSection
	GlobalSection(ExtensibilityGlobals) = postSolution
		SolutionGuid = {1EB63B19-D5DB-465A-8402-81A65514EF6D}
	EndGlobalSection
EndGlobal
